[clocks]
sha256 = "f1c53079469e20167e2cd4300651f13f34a6fd508b5c7331bb7c8c95fb8857fb"
sha512 = "2a9281d0edcabad3bfef0dcfa7a9712d6beb6d6bb07b29fbf24235706d149672901ffc32192404a1ac511c512eb775daf9716ad3a0514bdf6a5c93a5fed19450"

[filesystem]
url = "https://github.com/WebAssembly/wasi-filesystem/archive/v0.2.5.tar.gz"
sha256 = "9122d926d1e9c8c3c1aca0b54fcc6a64fe3b52b701d266af5ecbb7f83124a647"
sha512 = "a8e81ca42f4ff9d58dca945cabbcdf04b7a9870b7acd3bb95c95e40bb656e74c7e190f73cf0b3189b6b01a78f3aaa2e247c215541a7a0f67fb86ed3e0b3f9e35"
deps = ["clocks"]

[io]
url = "https://github.com/WebAssembly/wasi-io/archive/v0.2.5.tar.gz"
sha256 = "749de54c05f7118dc118999ad69c5b63890ea1dd86f1be69270062195c7b79c2"
sha512 = "b5096d518a7931c100594b9216bb4a98cd64533166bc7fdbb7465b48effc345863bd3ce2ec84fef59b273bae507edab08ec08975d56240ccef68f2494964e80a"
