[io]
url = "https://github.com/WebAssembly/wasi-io/archive/v0.2.5.tar.gz"
sha256 = "749de54c05f7118dc118999ad69c5b63890ea1dd86f1be69270062195c7b79c2"
sha512 = "b5096d518a7931c100594b9216bb4a98cd64533166bc7fdbb7465b48effc345863bd3ce2ec84fef59b273bae507edab08ec08975d56240ccef68f2494964e80a"

[null]
path = "../../wit"
sha256 = "a18adba1fd224e8b9e1e606163afb94a492a04a5ded348f42a46c3ce76e21441"
sha512 = "c9ca2a3602a9b282ebf61c444650e8462e8e770280da5461bda5786e8512abaa42f5f4aba6c73c5ff4b4dfb2d3c08a9cd12bd51b5ea1a329965f0312bf865b24"
