[io]
url = "https://github.com/WebAssembly/wasi-io/archive/v0.2.3.tar.gz"
sha256 = "1cccbfe4122686ea57a25cd368e8cdfc408cbcad089f47fb6685b6f92e96f050"
sha512 = "7a95f964c13da52611141acd89bc8876226497f128e99dd176a4270c5b5efbd8cc847b5fbd1a91258d028c646db99e0424d72590cf1caf20f9f3a3343fad5017"

[null]
path = "../../wit"
sha256 = "df1e55bbca6a17aa7e03ac32b7e781ea3c4ebedb25c4337302f3c2ad6cbfe929"
sha512 = "0351f963bdd0f4e99f2505319dbbb873c5cd7a389845784661fa8b1a273d8ed20c6ee1f57b6c77aec0c172abb3d70468c2e98fb594b677d9f9d7e0c2f9c4c76a"
