[io]
url = "https://github.com/WebAssembly/wasi-io/archive/v0.2.6.tar.gz"
sha256 = "671761f464d312e6c26bcaab5e79fe14ac876b72267867579d5c65e053fe2301"
sha512 = "57e5ed34fa85f35899b324ac7a2473c5fa5cece51d07e6f077637191fadd3c8b6f79324d31a8d497a6ce7b92cfb2a2505ab894337e2c82889f1bdb21f4f24634"

[null]
path = "../../wit"
sha256 = "ea7d715d259277a2e3dfb0d2ed91574f5e779dfd139476077e8d1958307ad75c"
sha512 = "fb74ee99877fae308d0c269ce62773d202c80db3a8dfd3d8889749b6d0faf2cc25db9b67b1ce950582381f77a1c599b52ca7c57afd54fa4024cf54c4e399fa8e"
